
Microsoft Visual Studio Solution File, Format Version 12.00
# Visual Studio 15
VisualStudioVersion = 15.0.26730.10
MinimumVisualStudioVersion = 10.0.40219.1
Project("{FAE04EC0-301F-11D3-BF4B-00C04F79EFBC}") = "EchoServer", "EchoServer\EchoServer.csproj", "{6D1B517C-80BD-4BF0-A0F2-FE8F3E4A230D}"
EndProject
Project("{FAE04EC0-301F-11D3-BF4B-00C04F79EFBC}") = "EchoClient", "EchoClient\EchoClient.csproj", "{C11E39DB-2687-4448-A718-2107E4D5D53C}"
EndProject
Global
	GlobalSection(SolutionConfigurationPlatforms) = preSolution
		Debug|Any CPU = Debug|Any CPU
		Release|Any CPU = Release|Any CPU
	EndGlobalSection
	GlobalSection(ProjectConfigurationPlatforms) = postSolution
		{6D1B517C-80BD-4BF0-A0F2-FE8F3E4A230D}.Debug|Any CPU.ActiveCfg = Debug|Any CPU
		{6D1B517C-80BD-4BF0-A0F2-FE8F3E4A230D}.Debug|Any CPU.Build.0 = Debug|Any CPU
		{6D1B517C-80BD-4BF0-A0F2-FE8F3E4A230D}.Release|Any CPU.ActiveCfg = Release|Any CPU
		{6D1B517C-80BD-4BF0-A0F2-FE8F3E4A230D}.Release|Any CPU.Build.0 = Release|Any CPU
		{C11E39DB-2687-4448-A718-2107E4D5D53C}.Debug|Any CPU.ActiveCfg = Debug|Any CPU
		{C11E39DB-2687-4448-A718-2107E4D5D53C}.Debug|Any CPU.Build.0 = Debug|Any CPU
		{C11E39DB-2687-4448-A718-2107E4D5D53C}.Release|Any CPU.ActiveCfg = Release|Any CPU
		{C11E39DB-2687-4448-A718-2107E4D5D53C}.Release|Any CPU.Build.0 = Release|Any CPU
	EndGlobalSection
	GlobalSection(SolutionProperties) = preSolution
		HideSolutionNode = FALSE
	EndGlobalSection
	GlobalSection(ExtensibilityGlobals) = postSolution
		SolutionGuid = {D29EA201-BDE1-4C1C-BD58-DE4F8CEFD77A}
	EndGlobalSection
EndGlobal
